
Microsoft Visual Studio Solution File, Format Version 12.00
# Visual Studio Version 16
VisualStudioVersion = 16.0.31129.286
MinimumVisualStudioVersion = 10.0.40219.1
Project("{FAE04EC0-301F-11D3-BF4B-00C04F79EFBC}") = "PrideAndPrejudice", "PrideAndPrejudice\PrideAndPrejudice.csproj", "{9FBE0143-394A-4744-81F1-BDCEFDF3CDBD}"
EndProject
Global
	GlobalSection(SolutionConfigurationPlatforms) = preSolution
		Debug|Any CPU = Debug|Any CPU
		Release|Any CPU = Release|Any CPU
	EndGlobalSection
	GlobalSection(ProjectConfigurationPlatforms) = postSolution
		{9FBE0143-394A-4744-81F1-BDCEFDF3CDBD}.Debug|Any CPU.ActiveCfg = Debug|Any CPU
		{9FBE0143-394A-4744-81F1-BDCEFDF3CDBD}.Debug|Any CPU.Build.0 = Debug|Any CPU
		{9FBE0143-394A-4744-81F1-BDCEFDF3CDBD}.Release|Any CPU.ActiveCfg = Release|Any CPU
		{9FBE0143-394A-4744-81F1-BDCEFDF3CDBD}.Release|Any CPU.Build.0 = Release|Any CPU
	EndGlobalSection
	GlobalSection(SolutionProperties) = preSolution
		HideSolutionNode = FALSE
	EndGlobalSection
	GlobalSection(ExtensibilityGlobals) = postSolution
		SolutionGuid = {4C360829-7E44-4534-89F9-9A4E151110A7}
	EndGlobalSection
EndGlobal
