
Microsoft Visual Studio Solution File, Format Version 12.00
# Visual Studio Version 16
VisualStudioVersion = 16.0.31129.286
MinimumVisualStudioVersion = 10.0.40219.1
Project("{FAE04EC0-301F-11D3-BF4B-00C04F79EFBC}") = "DefineParameters", "DefineParameters\DefineParameters.csproj", "{558E5259-F1CD-45A5-A687-6546EF3E0B04}"
EndProject
Global
	GlobalSection(SolutionConfigurationPlatforms) = preSolution
		Debug|Any CPU = Debug|Any CPU
		Release|Any CPU = Release|Any CPU
	EndGlobalSection
	GlobalSection(ProjectConfigurationPlatforms) = postSolution
		{558E5259-F1CD-45A5-A687-6546EF3E0B04}.Debug|Any CPU.ActiveCfg = Debug|Any CPU
		{558E5259-F1CD-45A5-A687-6546EF3E0B04}.Debug|Any CPU.Build.0 = Debug|Any CPU
		{558E5259-F1CD-45A5-A687-6546EF3E0B04}.Release|Any CPU.ActiveCfg = Release|Any CPU
		{558E5259-F1CD-45A5-A687-6546EF3E0B04}.Release|Any CPU.Build.0 = Release|Any CPU
	EndGlobalSection
	GlobalSection(SolutionProperties) = preSolution
		HideSolutionNode = FALSE
	EndGlobalSection
	GlobalSection(ExtensibilityGlobals) = postSolution
		SolutionGuid = {8D34A25F-F2B0-4715-A32C-B0F8966A0F50}
	EndGlobalSection
EndGlobal
