
Microsoft Visual Studio Solution File, Format Version 12.00
# Visual Studio Version 16
VisualStudioVersion = 16.0.31129.286
MinimumVisualStudioVersion = 10.0.40219.1
Project("{FAE04EC0-301F-11D3-BF4B-00C04F79EFBC}") = "DefineAMethod", "DefineAMethod\DefineAMethod.csproj", "{B64F6A75-B7F4-4D40-AF96-100F3B4BD3AB}"
EndProject
Global
	GlobalSection(SolutionConfigurationPlatforms) = preSolution
		Debug|Any CPU = Debug|Any CPU
		Release|Any CPU = Release|Any CPU
	EndGlobalSection
	GlobalSection(ProjectConfigurationPlatforms) = postSolution
		{B64F6A75-B7F4-4D40-AF96-100F3B4BD3AB}.Debug|Any CPU.ActiveCfg = Debug|Any CPU
		{B64F6A75-B7F4-4D40-AF96-100F3B4BD3AB}.Debug|Any CPU.Build.0 = Debug|Any CPU
		{B64F6A75-B7F4-4D40-AF96-100F3B4BD3AB}.Release|Any CPU.ActiveCfg = Release|Any CPU
		{B64F6A75-B7F4-4D40-AF96-100F3B4BD3AB}.Release|Any CPU.Build.0 = Release|Any CPU
	EndGlobalSection
	GlobalSection(SolutionProperties) = preSolution
		HideSolutionNode = FALSE
	EndGlobalSection
	GlobalSection(ExtensibilityGlobals) = postSolution
		SolutionGuid = {16B55F41-97C8-483D-A2AE-BFD3422409CF}
	EndGlobalSection
EndGlobal
