
Microsoft Visual Studio Solution File, Format Version 12.00
# Visual Studio Version 16
VisualStudioVersion = 16.0.31129.286
MinimumVisualStudioVersion = 10.0.40219.1
Project("{FAE04EC0-301F-11D3-BF4B-00C04F79EFBC}") = "CaptureOutput", "CaptureOutput\CaptureOutput.csproj", "{683651FB-211F-4575-A0B7-7BD3CAE5CE0D}"
EndProject
Global
	GlobalSection(SolutionConfigurationPlatforms) = preSolution
		Debug|Any CPU = Debug|Any CPU
		Release|Any CPU = Release|Any CPU
	EndGlobalSection
	GlobalSection(ProjectConfigurationPlatforms) = postSolution
		{683651FB-211F-4575-A0B7-7BD3CAE5CE0D}.Debug|Any CPU.ActiveCfg = Debug|Any CPU
		{683651FB-211F-4575-A0B7-7BD3CAE5CE0D}.Debug|Any CPU.Build.0 = Debug|Any CPU
		{683651FB-211F-4575-A0B7-7BD3CAE5CE0D}.Release|Any CPU.ActiveCfg = Release|Any CPU
		{683651FB-211F-4575-A0B7-7BD3CAE5CE0D}.Release|Any CPU.Build.0 = Release|Any CPU
	EndGlobalSection
	GlobalSection(SolutionProperties) = preSolution
		HideSolutionNode = FALSE
	EndGlobalSection
	GlobalSection(ExtensibilityGlobals) = postSolution
		SolutionGuid = {190A3BE9-876A-41C5-9073-4CC338DD9A0E}
	EndGlobalSection
EndGlobal
