
Microsoft Visual Studio Solution File, Format Version 12.00
# Visual Studio Version 16
VisualStudioVersion = 16.0.31129.286
MinimumVisualStudioVersion = 10.0.40219.1
Project("{FAE04EC0-301F-11D3-BF4B-00C04F79EFBC}") = "StoryTime", "StoryTime\StoryTime.csproj", "{4AC8B98A-2BD4-4890-8BE2-1D3F21A5349C}"
EndProject
Global
	GlobalSection(SolutionConfigurationPlatforms) = preSolution
		Debug|Any CPU = Debug|Any CPU
		Release|Any CPU = Release|Any CPU
	EndGlobalSection
	GlobalSection(ProjectConfigurationPlatforms) = postSolution
		{4AC8B98A-2BD4-4890-8BE2-1D3F21A5349C}.Debug|Any CPU.ActiveCfg = Debug|Any CPU
		{4AC8B98A-2BD4-4890-8BE2-1D3F21A5349C}.Debug|Any CPU.Build.0 = Debug|Any CPU
		{4AC8B98A-2BD4-4890-8BE2-1D3F21A5349C}.Release|Any CPU.ActiveCfg = Release|Any CPU
		{4AC8B98A-2BD4-4890-8BE2-1D3F21A5349C}.Release|Any CPU.Build.0 = Release|Any CPU
	EndGlobalSection
	GlobalSection(SolutionProperties) = preSolution
		HideSolutionNode = FALSE
	EndGlobalSection
	GlobalSection(ExtensibilityGlobals) = postSolution
		SolutionGuid = {AE674FB0-30F0-476A-9239-C05B714FDC5E}
	EndGlobalSection
EndGlobal
