
Microsoft Visual Studio Solution File, Format Version 12.00
# Visual Studio Version 16
VisualStudioVersion = 16.0.31129.286
MinimumVisualStudioVersion = 10.0.40219.1
Project("{FAE04EC0-301F-11D3-BF4B-00C04F79EFBC}") = "ReviewPasswordChecker", "ReviewPasswordChecker\ReviewPasswordChecker.csproj", "{27AD575B-C107-4A3E-94E3-C26BB0BD9F71}"
EndProject
Global
	GlobalSection(SolutionConfigurationPlatforms) = preSolution
		Debug|Any CPU = Debug|Any CPU
		Release|Any CPU = Release|Any CPU
	EndGlobalSection
	GlobalSection(ProjectConfigurationPlatforms) = postSolution
		{27AD575B-C107-4A3E-94E3-C26BB0BD9F71}.Debug|Any CPU.ActiveCfg = Debug|Any CPU
		{27AD575B-C107-4A3E-94E3-C26BB0BD9F71}.Debug|Any CPU.Build.0 = Debug|Any CPU
		{27AD575B-C107-4A3E-94E3-C26BB0BD9F71}.Release|Any CPU.ActiveCfg = Release|Any CPU
		{27AD575B-C107-4A3E-94E3-C26BB0BD9F71}.Release|Any CPU.Build.0 = Release|Any CPU
	EndGlobalSection
	GlobalSection(SolutionProperties) = preSolution
		HideSolutionNode = FALSE
	EndGlobalSection
	GlobalSection(ExtensibilityGlobals) = postSolution
		SolutionGuid = {22609286-570E-47FD-B30D-5BB3AE03F2D9}
	EndGlobalSection
EndGlobal
